
Microsoft Visual Studio Solution File, Format Version 12.00
# Visual Studio Version 17
VisualStudioVersion = 17.12.35514.174
MinimumVisualStudioVersion = 10.0.40219.1
Project("{FAE04EC0-301F-11D3-BF4B-00C04F79EFBC}") = "Editor", "TextEditor\Editor.csproj", "{61BD44AA-E86B-4E45-B744-3C87A9201611}"
EndProject
Project("{FAE04EC0-301F-11D3-BF4B-00C04F79EFBC}") = "EditorUnitTests", "TextEditorUnitTests\EditorUnitTests.csproj", "{C58741BE-2ADA-4E1B-B940-6690C1AF7299}"
EndProject
Global
	GlobalSection(SolutionConfigurationPlatforms) = preSolution
		Debug|Any CPU = Debug|Any CPU
		Release|Any CPU = Release|Any CPU
	EndGlobalSection
	GlobalSection(ProjectConfigurationPlatforms) = postSolution
		{61BD44AA-E86B-4E45-B744-3C87A9201611}.Debug|Any CPU.ActiveCfg = Debug|Any CPU
		{61BD44AA-E86B-4E45-B744-3C87A9201611}.Debug|Any CPU.Build.0 = Debug|Any CPU
		{61BD44AA-E86B-4E45-B744-3C87A9201611}.Release|Any CPU.ActiveCfg = Release|Any CPU
		{61BD44AA-E86B-4E45-B744-3C87A9201611}.Release|Any CPU.Build.0 = Release|Any CPU
		{C58741BE-2ADA-4E1B-B940-6690C1AF7299}.Debug|Any CPU.ActiveCfg = Debug|Any CPU
		{C58741BE-2ADA-4E1B-B940-6690C1AF7299}.Debug|Any CPU.Build.0 = Debug|Any CPU
		{C58741BE-2ADA-4E1B-B940-6690C1AF7299}.Release|Any CPU.ActiveCfg = Release|Any CPU
		{C58741BE-2ADA-4E1B-B940-6690C1AF7299}.Release|Any CPU.Build.0 = Release|Any CPU
	EndGlobalSection
	GlobalSection(SolutionProperties) = preSolution
		HideSolutionNode = FALSE
	EndGlobalSection
EndGlobal
